
Microsoft Visual Studio Solution File, Format Version 10.00
# Visual Web Developer Express 2008
Project("{FAE04EC0-301F-11D3-BF4B-00C04F79EFBC}") = "RPWebsite", "RPWebsite\RPWebsite.csproj", "{23B6F048-A93C-45F1-9B37-66CC3135CCE4}"
EndProject
Global
	GlobalSection(SolutionConfigurationPlatforms) = preSolution
		Debug|Any CPU = Debug|Any CPU
		Release|Any CPU = Release|Any CPU
	EndGlobalSection
	GlobalSection(ProjectConfigurationPlatforms) = postSolution
		{23B6F048-A93C-45F1-9B37-66CC3135CCE4}.Debug|Any CPU.ActiveCfg = Debug|Any CPU
		{23B6F048-A93C-45F1-9B37-66CC3135CCE4}.Debug|Any CPU.Build.0 = Debug|Any CPU
		{23B6F048-A93C-45F1-9B37-66CC3135CCE4}.Release|Any CPU.ActiveCfg = Release|Any CPU
		{23B6F048-A93C-45F1-9B37-66CC3135CCE4}.Release|Any CPU.Build.0 = Release|Any CPU
	EndGlobalSection
	GlobalSection(SolutionProperties) = preSolution
		HideSolutionNode = FALSE
	EndGlobalSection
EndGlobal
